// !$*UTF8*$!
{
	archiveVersion = 1;
	classes = {
	};
	objectVersion = 50;
	objects = {

/* Begin PBXBuildFile section */
		AA3782522217C51A001C276C /* AppDelegate.swift in Sources */ = {isa = PBXBuildFile; fileRef = AA3782512217C51A001C276C /* AppDelegate.swift */; };
		AA3782542217C51A001C276C /* ViewController.swift in Sources */ = {isa = PBXBuildFile; fileRef = AA3782532217C51A001C276C /* ViewController.swift */; };
		AA3782572217C51A001C276C /* Main.storyboard in Resources */ = {isa = PBXBuildFile; fileRef = AA3782552217C51A001C276C /* Main.storyboard */; };
		AA3782592217C51B001C276C /* Assets.xcassets in Resources */ = {isa = PBXBuildFile; fileRef = AA3782582217C51B001C276C /* Assets.xcassets */; };
		AA37825C2217C51B001C276C /* LaunchScreen.storyboard in Resources */ = {isa = PBXBuildFile; fileRef = AA37825A2217C51B001C276C /* LaunchScreen.storyboard */; };
		AA3782672217C51B001C276C /* ConstraintsTests.swift in Sources */ = {isa = PBXBuildFile; fileRef = AA3782662217C51B001C276C /* ConstraintsTests.swift */; };
		AA3782722217C51B001C276C /* ConstraintsUITests.swift in Sources */ = {isa = PBXBuildFile; fileRef = AA3782712217C51B001C276C /* ConstraintsUITests.swift */; };
/* End PBXBuildFile section */

/* Begin PBXContainerItemProxy section */
		AA3782632217C51B001C276C /* PBXContainerItemProxy */ = {
			isa = PBXContainerItemProxy;
			containerPortal = AA3782462217C51A001C276C /* Project object */;
			proxyType = 1;
			remoteGlobalIDString = AA37824D2217C51A001C276C;
			remoteInfo = Constraints;
		};
		AA37826E2217C51B001C276C /* PBXContainerItemProxy */ = {
			isa = PBXContainerItemProxy;
			containerPortal = AA3782462217C51A001C276C /* Project object */;
			proxyType = 1;
			remoteGlobalIDString = AA37824D2217C51A001C276C;
			remoteInfo = Constraints;
		};
/* End PBXContainerItemProxy section */

/* Begin PBXFileReference section */
		AA37824E2217C51A001C276C /* Constraints.app */ = {isa = PBXFileReference; explicitFileType = wrapper.application; includeInIndex = 0; path = Constraints.app; sourceTree = BUILT_PRODUCTS_DIR; };
		AA3782512217C51A001C276C /* AppDelegate.swift */ = {isa = PBXFileReference; lastKnownFileType = sourcecode.swift; path = AppDelegate.swift; sourceTree = "<group>"; };
		AA3782532217C51A001C276C /* ViewController.swift */ = {isa = PBXFileReference; lastKnownFileType = sourcecode.swift; path = ViewController.swift; sourceTree = "<group>"; };
		AA3782562217C51A001C276C /* Base */ = {isa = PBXFileReference; lastKnownFileType = file.storyboard; name = Base; path = Base.lproj/Main.storyboard; sourceTree = "<group>"; };
		AA3782582217C51B001C276C /* Assets.xcassets */ = {isa = PBXFileReference; lastKnownFileType = folder.assetcatalog; path = Assets.xcassets; sourceTree = "<group>"; };
		AA37825B2217C51B001C276C /* Base */ = {isa = PBXFileReference; lastKnownFileType = file.storyboard; name = Base; path = Base.lproj/LaunchScreen.storyboard; sourceTree = "<group>"; };
		AA37825D2217C51B001C276C /* Info.plist */ = {isa = PBXFileReference; lastKnownFileType = text.plist.xml; path = Info.plist; sourceTree = "<group>"; };
		AA3782622217C51B001C276C /* ConstraintsTests.xctest */ = {isa = PBXFileReference; explicitFileType = wrapper.cfbundle; includeInIndex = 0; path = ConstraintsTests.xctest; sourceTree = BUILT_PRODUCTS_DIR; };
		AA3782662217C51B001C276C /* ConstraintsTests.swift */ = {isa = PBXFileReference; lastKnownFileType = sourcecode.swift; path = ConstraintsTests.swift; sourceTree = "<group>"; };
		AA3782682217C51B001C276C /* Info.plist */ = {isa = PBXFileReference; lastKnownFileType = text.plist.xml; path = Info.plist; sourceTree = "<group>"; };
		AA37826D2217C51B001C276C /* ConstraintsUITests.xctest */ = {isa = PBXFileReference; explicitFileType = wrapper.cfbundle; includeInIndex = 0; path = ConstraintsUITests.xctest; sourceTree = BUILT_PRODUCTS_DIR; };
		AA3782712217C51B001C276C /* ConstraintsUITests.swift */ = {isa = PBXFileReference; lastKnownFileType = sourcecode.swift; path = ConstraintsUITests.swift; sourceTree = "<group>"; };
		AA3782732217C51B001C276C /* Info.plist */ = {isa = PBXFileReference; lastKnownFileType = text.plist.xml; path = Info.plist; sourceTree = "<group>"; };
/* End PBXFileReference section */

/* Begin PBXFrameworksBuildPhase section */
		AA37824B2217C51A001C276C /* Frameworks */ = {
			isa = PBXFrameworksBuildPhase;
			buildActionMask = 2147483647;
			files = (
			);
			runOnlyForDeploymentPostprocessing = 0;
		};
		AA37825F2217C51B001C276C /* Frameworks */ = {
			isa = PBXFrameworksBuildPhase;
			buildActionMask = 2147483647;
			files = (
			);
			runOnlyForDeploymentPostprocessing = 0;
		};
		AA37826A2217C51B001C276C /* Frameworks */ = {
			isa = PBXFrameworksBuildPhase;
			buildActionMask = 2147483647;
			files = (
			);
			runOnlyForDeploymentPostprocessing = 0;
		};
/* End PBXFrameworksBuildPhase section */

/* Begin PBXGroup section */
		AA3782452217C51A001C276C = {
			isa = PBXGroup;
			children = (
				AA3782502217C51A001C276C /* Constraints */,
				AA3782652217C51B001C276C /* ConstraintsTests */,
				AA3782702217C51B001C276C /* ConstraintsUITests */,
				AA37824F2217C51A001C276C /* Products */,
			);
			sourceTree = "<group>";
		};
		AA37824F2217C51A001C276C /* Products */ = {
			isa = PBXGroup;
			children = (
				AA37824E2217C51A001C276C /* Constraints.app */,
				AA3782622217C51B001C276C /* ConstraintsTests.xctest */,
				AA37826D2217C51B001C276C /* ConstraintsUITests.xctest */,
			);
			name = Products;
			sourceTree = "<group>";
		};
		AA3782502217C51A001C276C /* Constraints */ = {
			isa = PBXGroup;
			children = (
				AA3782512217C51A001C276C /* AppDelegate.swift */,
				AA3782532217C51A001C276C /* ViewController.swift */,
				AA3782552217C51A001C276C /* Main.storyboard */,
				AA3782582217C51B001C276C /* Assets.xcassets */,
				AA37825A2217C51B001C276C /* LaunchScreen.storyboard */,
				AA37825D2217C51B001C276C /* Info.plist */,
			);
			path = Constraints;
			sourceTree = "<group>";
		};
		AA3782652217C51B001C276C /* ConstraintsTests */ = {
			isa = PBXGroup;
			children = (
				AA3782662217C51B001C276C /* ConstraintsTests.swift */,
				AA3782682217C51B001C276C /* Info.plist */,
			);
			path = ConstraintsTests;
			sourceTree = "<group>";
		};
		AA3782702217C51B001C276C /* ConstraintsUITests */ = {
			isa = PBXGroup;
			children = (
				AA3782712217C51B001C276C /* ConstraintsUITests.swift */,
				AA3782732217C51B001C276C /* Info.plist */,
			);
			path = ConstraintsUITests;
			sourceTree = "<group>";
		};
/* End PBXGroup section */

/* Begin PBXNativeTarget section */
		AA37824D2217C51A001C276C /* Constraints */ = {
			isa = PBXNativeTarget;
			buildConfigurationList = AA3782762217C51B001C276C /* Build configuration list for PBXNativeTarget "Constraints" */;
			buildPhases = (
				AA37824A2217C51A001C276C /* Sources */,
				AA37824B2217C51A001C276C /* Frameworks */,
				AA37824C2217C51A001C276C /* Resources */,
			);
			buildRules = (
			);
			dependencies = (
			);
			name = Constraints;
			productName = Constraints;
			productReference = AA37824E2217C51A001C276C /* Constraints.app */;
			productType = "com.apple.product-type.application";
		};
		AA3782612217C51B001C276C /* ConstraintsTests */ = {
			isa = PBXNativeTarget;
			buildConfigurationList = AA3782792217C51B001C276C /* Build configuration list for PBXNativeTarget "ConstraintsTests" */;
			buildPhases = (
				AA37825E2217C51B001C276C /* Sources */,
				AA37825F2217C51B001C276C /* Frameworks */,
				AA3782602217C51B001C276C /* Resources */,
			);
			buildRules = (
			);
			dependencies = (
				AA3782642217C51B001C276C /* PBXTargetDependency */,
			);
			name = ConstraintsTests;
			productName = ConstraintsTests;
			productReference = AA3782622217C51B001C276C /* ConstraintsTests.xctest */;
			productType = "com.apple.product-type.bundle.unit-test";
		};
		AA37826C2217C51B001C276C /* ConstraintsUITests */ = {
			isa = PBXNativeTarget;
			buildConfigurationList = AA37827C2217C51B001C276C /* Build configuration list for PBXNativeTarget "ConstraintsUITests" */;
			buildPhases = (
				AA3782692217C51B001C276C /* Sources */,
				AA37826A2217C51B001C276C /* Frameworks */,
				AA37826B2217C51B001C276C /* Resources */,
			);
			buildRules = (
			);
			dependencies = (
				AA37826F2217C51B001C276C /* PBXTargetDependency */,
			);
			name = ConstraintsUITests;
			productName = ConstraintsUITests;
			productReference = AA37826D2217C51B001C276C /* ConstraintsUITests.xctest */;
			productType = "com.apple.product-type.bundle.ui-testing";
		};
/* End PBXNativeTarget section */

/* Begin PBXProject section */
		AA3782462217C51A001C276C /* Project object */ = {
			isa = PBXProject;
			attributes = {
				LastSwiftUpdateCheck = 1010;
				LastUpgradeCheck = 1010;
				ORGANIZATIONNAME = "Austin Sizemore";
				TargetAttributes = {
					AA37824D2217C51A001C276C = {
						CreatedOnToolsVersion = 10.1;
					};
					AA3782612217C51B001C276C = {
						CreatedOnToolsVersion = 10.1;
						TestTargetID = AA37824D2217C51A001C276C;
					};
					AA37826C2217C51B001C276C = {
						CreatedOnToolsVersion = 10.1;
						TestTargetID = AA37824D2217C51A001C276C;
					};
				};
			};
			buildConfigurationList = AA3782492217C51A001C276C /* Build configuration list for PBXProject "Constraints" */;
			compatibilityVersion = "Xcode 9.3";
			developmentRegion = en;
			hasScannedForEncodings = 0;
			knownRegions = (
				en,
				Base,
			);
			mainGroup = AA3782452217C51A001C276C;
			productRefGroup = AA37824F2217C51A001C276C /* Products */;
			projectDirPath = "";
			projectRoot = "";
			targets = (
				AA37824D2217C51A001C276C /* Constraints */,
				AA3782612217C51B001C276C /* ConstraintsTests */,
				AA37826C2217C51B001C276C /* ConstraintsUITests */,
			);
		};
/* End PBXProject section */

/* Begin PBXResourcesBuildPhase section */
		AA37824C2217C51A001C276C /* Resources */ = {
			isa = PBXResourcesBuildPhase;
			buildActionMask = 2147483647;
			files = (
				AA37825C2217C51B001C276C /* LaunchScreen.storyboard in Resources */,
				AA3782592217C51B001C276C /* Assets.xcassets in Resources */,
				AA3782572217C51A001C276C /* Main.storyboard in Resources */,
			);
			runOnlyForDeploymentPostprocessing = 0;
		};
		AA3782602217C51B001C276C /* Resources */ = {
			isa = PBXResourcesBuildPhase;
			buildActionMask = 2147483647;
			files = (
			);
			runOnlyForDeploymentPostprocessing = 0;
		};
		AA37826B2217C51B001C276C /* Resources */ = {
			isa = PBXResourcesBuildPhase;
			buildActionMask = 2147483647;
			files = (
			);
			runOnlyForDeploymentPostprocessing = 0;
		};
/* End PBXResourcesBuildPhase section */

/* Begin PBXSourcesBuildPhase section */
		AA37824A2217C51A001C276C /* Sources */ = {
			isa = PBXSourcesBuildPhase;
			buildActionMask = 2147483647;
			files = (
				AA3782542217C51A001C276C /* ViewController.swift in Sources */,
				AA3782522217C51A001C276C /* AppDelegate.swift in Sources */,
			);
			runOnlyForDeploymentPostprocessing = 0;
		};
		AA37825E2217C51B001C276C /* Sources */ = {
			isa = PBXSourcesBuildPhase;
			buildActionMask = 2147483647;
			files = (
				AA3782672217C51B001C276C /* ConstraintsTests.swift in Sources */,
			);
			runOnlyForDeploymentPostprocessing = 0;
		};
		AA3782692217C51B001C276C /* Sources */ = {
			isa = PBXSourcesBuildPhase;
			buildActionMask = 2147483647;
			files = (
				AA3782722217C51B001C276C /* ConstraintsUITests.swift in Sources */,
			);
			runOnlyForDeploymentPostprocessing = 0;
		};
/* End PBXSourcesBuildPhase section */

/* Begin PBXTargetDependency section */
		AA3782642217C51B001C276C /* PBXTargetDependency */ = {
			isa = PBXTargetDependency;
			target = AA37824D2217C51A001C276C /* Constraints */;
			targetProxy = AA3782632217C51B001C276C /* PBXContainerItemProxy */;
		};
		AA37826F2217C51B001C276C /* PBXTargetDependency */ = {
			isa = PBXTargetDependency;
			target = AA37824D2217C51A001C276C /* Constraints */;
			targetProxy = AA37826E2217C51B001C276C /* PBXContainerItemProxy */;
		};
/* End PBXTargetDependency section */

/* Begin PBXVariantGroup section */
		AA3782552217C51A001C276C /* Main.storyboard */ = {
			isa = PBXVariantGroup;
			children = (
				AA3782562217C51A001C276C /* Base */,
			);
			name = Main.storyboard;
			sourceTree = "<group>";
		};
		AA37825A2217C51B001C276C /* LaunchScreen.storyboard */ = {
			isa = PBXVariantGroup;
			children = (
				AA37825B2217C51B001C276C /* Base */,
			);
			name = LaunchScreen.storyboard;
			sourceTree = "<group>";
		};
/* End PBXVariantGroup section */

/* Begin XCBuildConfiguration section */
		AA3782742217C51B001C276C /* Debug */ = {
			isa = XCBuildConfiguration;
			buildSettings = {
				ALWAYS_SEARCH_USER_PATHS = NO;
				CLANG_ANALYZER_NONNULL = YES;
				CLANG_ANALYZER_NUMBER_OBJECT_CONVERSION = YES_AGGRESSIVE;
				CLANG_CXX_LANGUAGE_STANDARD = "gnu++14";
				CLANG_CXX_LIBRARY = "libc++";
				CLANG_ENABLE_MODULES = YES;
				CLANG_ENABLE_OBJC_ARC = YES;
				CLANG_ENABLE_OBJC_WEAK = YES;
				CLANG_WARN_BLOCK_CAPTURE_AUTORELEASING = YES;
				CLANG_WARN_BOOL_CONVERSION = YES;
				CLANG_WARN_COMMA = YES;
				CLANG_WARN_CONSTANT_CONVERSION = YES;
				CLANG_WARN_DEPRECATED_OBJC_IMPLEMENTATIONS = YES;
				CLANG_WARN_DIRECT_OBJC_ISA_USAGE = YES_ERROR;
				CLANG_WARN_DOCUMENTATION_COMMENTS = YES;
				CLANG_WARN_EMPTY_BODY = YES;
				CLANG_WARN_ENUM_CONVERSION = YES;
				CLANG_WARN_INFINITE_RECURSION = YES;
				CLANG_WARN_INT_CONVERSION = YES;
				CLANG_WARN_NON_LITERAL_NULL_CONVERSION = YES;
				CLANG_WARN_OBJC_IMPLICIT_RETAIN_SELF = YES;
				CLANG_WARN_OBJC_LITERAL_CONVERSION = YES;
				CLANG_WARN_OBJC_ROOT_CLASS = YES_ERROR;
				CLANG_WARN_RANGE_LOOP_ANALYSIS = YES;
				CLANG_WARN_STRICT_PROTOTYPES = YES;
				CLANG_WARN_SUSPICIOUS_MOVE = YES;
				CLANG_WARN_UNGUARDED_AVAILABILITY = YES_AGGRESSIVE;
				CLANG_WARN_UNREACHABLE_CODE = YES;
				CLANG_WARN__DUPLICATE_METHOD_MATCH = YES;
				CODE_SIGN_IDENTITY = "iPhone Developer";
				COPY_PHASE_STRIP = NO;
				DEBUG_INFORMATION_FORMAT = dwarf;
				ENABLE_STRICT_OBJC_MSGSEND = YES;
				ENABLE_TESTABILITY = YES;
				GCC_C_LANGUAGE_STANDARD = gnu11;
				GCC_DYNAMIC_NO_PIC = NO;
				GCC_NO_COMMON_BLOCKS = YES;
				GCC_OPTIMIZATION_LEVEL = 0;
				GCC_PREPROCESSOR_DEFINITIONS = (
					"DEBUG=1",
					"$(inherited)",
				);
				GCC_WARN_64_TO_32_BIT_CONVERSION = YES;
				GCC_WARN_ABOUT_RETURN_TYPE = YES_ERROR;
				GCC_WARN_UNDECLARED_SELECTOR = YES;
				GCC_WARN_UNINITIALIZED_AUTOS = YES_AGGRESSIVE;
				GCC_WARN_UNUSED_FUNCTION = YES;
				GCC_WARN_UNUSED_VARIABLE = YES;
				IPHONEOS_DEPLOYMENT_TARGET = 12.1;
				MTL_ENABLE_DEBUG_INFO = INCLUDE_SOURCE;
				MTL_FAST_MATH = YES;
				ONLY_ACTIVE_ARCH = YES;
				SDKROOT = iphoneos;
				SWIFT_ACTIVE_COMPILATION_CONDITIONS = DEBUG;
				SWIFT_OPTIMIZATION_LEVEL = "-Onone";
			};
			name = Debug;
		};
		AA3782752217C51B001C276C /* Release */ = {
			isa = XCBuildConfiguration;
			buildSettings = {
				ALWAYS_SEARCH_USER_PATHS = NO;
				CLANG_ANALYZER_NONNULL = YES;
				CLANG_ANALYZER_NUMBER_OBJECT_CONVERSION = YES_AGGRESSIVE;
				CLANG_CXX_LANGUAGE_STANDARD = "gnu++14";
				CLANG_CXX_LIBRARY = "libc++";
				CLANG_ENABLE_MODULES = YES;
				CLANG_ENABLE_OBJC_ARC = YES;
				CLANG_ENABLE_OBJC_WEAK = YES;
				CLANG_WARN_BLOCK_CAPTURE_AUTORELEASING = YES;
				CLANG_WARN_BOOL_CONVERSION = YES;
				CLANG_WARN_COMMA = YES;
				CLANG_WARN_CONSTANT_CONVERSION = YES;
				CLANG_WARN_DEPRECATED_OBJC_IMPLEMENTATIONS = YES;
				CLANG_WARN_DIRECT_OBJC_ISA_USAGE = YES_ERROR;
				CLANG_WARN_DOCUMENTATION_COMMENTS = YES;
				CLANG_WARN_EMPTY_BODY = YES;
				CLANG_WARN_ENUM_CONVERSION = YES;
				CLANG_WARN_INFINITE_RECURSION = YES;
				CLANG_WARN_INT_CONVERSION = YES;
				CLANG_WARN_NON_LITERAL_NULL_CONVERSION = YES;
				CLANG_WARN_OBJC_IMPLICIT_RETAIN_SELF = YES;
				CLANG_WARN_OBJC_LITERAL_CONVERSION = YES;
				CLANG_WARN_OBJC_ROOT_CLASS = YES_ERROR;
				CLANG_WARN_RANGE_LOOP_ANALYSIS = YES;
				CLANG_WARN_STRICT_PROTOTYPES = YES;
				CLANG_WARN_SUSPICIOUS_MOVE = YES;
				CLANG_WARN_UNGUARDED_AVAILABILITY = YES_AGGRESSIVE;
				CLANG_WARN_UNREACHABLE_CODE = YES;
				CLANG_WARN__DUPLICATE_METHOD_MATCH = YES;
				CODE_SIGN_IDENTITY = "iPhone Developer";
				COPY_PHASE_STRIP = NO;
				DEBUG_INFORMATION_FORMAT = "dwarf-with-dsym";
				ENABLE_NS_ASSERTIONS = NO;
				ENABLE_STRICT_OBJC_MSGSEND = YES;
				GCC_C_LANGUAGE_STANDARD = gnu11;
				GCC_NO_COMMON_BLOCKS = YES;
				GCC_WARN_64_TO_32_BIT_CONVERSION = YES;
				GCC_WARN_ABOUT_RETURN_TYPE = YES_ERROR;
				GCC_WARN_UNDECLARED_SELECTOR = YES;
				GCC_WARN_UNINITIALIZED_AUTOS = YES_AGGRESSIVE;
				GCC_WARN_UNUSED_FUNCTION = YES;
				GCC_WARN_UNUSED_VARIABLE = YES;
				IPHONEOS_DEPLOYMENT_TARGET = 12.1;
				MTL_ENABLE_DEBUG_INFO = NO;
				MTL_FAST_MATH = YES;
				SDKROOT = iphoneos;
				SWIFT_COMPILATION_MODE = wholemodule;
				SWIFT_OPTIMIZATION_LEVEL = "-O";
				VALIDATE_PRODUCT = YES;
			};
			name = Release;
		};
		AA3782772217C51B001C276C /* Debug */ = {
			isa = XCBuildConfiguration;
			buildSettings = {
				ASSETCATALOG_COMPILER_APPICON_NAME = AppIcon;
				CODE_SIGN_STYLE = Automatic;
				INFOPLIST_FILE = Constraints/Info.plist;
				LD_RUNPATH_SEARCH_PATHS = (
					"$(inherited)",
					"@executable_path/Frameworks",
				);
				PRODUCT_BUNDLE_IDENTIFIER = com.AustinSizemore.Constraints;
				PRODUCT_NAME = "$(TARGET_NAME)";
				SWIFT_VERSION = 4.2;
				TARGETED_DEVICE_FAMILY = "1,2";
			};
			name = Debug;
		};
		AA3782782217C51B001C276C /* Release */ = {
			isa = XCBuildConfiguration;
			buildSettings = {
				ASSETCATALOG_COMPILER_APPICON_NAME = AppIcon;
				CODE_SIGN_STYLE = Automatic;
				INFOPLIST_FILE = Constraints/Info.plist;
				LD_RUNPATH_SEARCH_PATHS = (
					"$(inherited)",
					"@executable_path/Frameworks",
				);
				PRODUCT_BUNDLE_IDENTIFIER = com.AustinSizemore.Constraints;
				PRODUCT_NAME = "$(TARGET_NAME)";
				SWIFT_VERSION = 4.2;
				TARGETED_DEVICE_FAMILY = "1,2";
			};
			name = Release;
		};
		AA37827A2217C51B001C276C /* Debug */ = {
			isa = XCBuildConfiguration;
			buildSettings = {
				ALWAYS_EMBED_SWIFT_STANDARD_LIBRARIES = YES;
				BUNDLE_LOADER = "$(TEST_HOST)";
				CODE_SIGN_STYLE = Automatic;
				INFOPLIST_FILE = ConstraintsTests/Info.plist;
				LD_RUNPATH_SEARCH_PATHS = (
					"$(inherited)",
					"@executable_path/Frameworks",
					"@loader_path/Frameworks",
				);
				PRODUCT_BUNDLE_IDENTIFIER = com.AustinSizemore.ConstraintsTests;
				PRODUCT_NAME = "$(TARGET_NAME)";
				SWIFT_VERSION = 4.2;
				TARGETED_DEVICE_FAMILY = "1,2";
				TEST_HOST = "$(BUILT_PRODUCTS_DIR)/Constraints.app/Constraints";
			};
			name = Debug;
		};
		AA37827B2217C51B001C276C /* Release */ = {
			isa = XCBuildConfiguration;
			buildSettings = {
				ALWAYS_EMBED_SWIFT_STANDARD_LIBRARIES = YES;
				BUNDLE_LOADER = "$(TEST_HOST)";
				CODE_SIGN_STYLE = Automatic;
				INFOPLIST_FILE = ConstraintsTests/Info.plist;
				LD_RUNPATH_SEARCH_PATHS = (
					"$(inherited)",
					"@executable_path/Frameworks",
					"@loader_path/Frameworks",
				);
				PRODUCT_BUNDLE_IDENTIFIER = com.AustinSizemore.ConstraintsTests;
				PRODUCT_NAME = "$(TARGET_NAME)";
				SWIFT_VERSION = 4.2;
				TARGETED_DEVICE_FAMILY = "1,2";
				TEST_HOST = "$(BUILT_PRODUCTS_DIR)/Constraints.app/Constraints";
			};
			name = Release;
		};
		AA37827D2217C51B001C276C /* Debug */ = {
			isa = XCBuildConfiguration;
			buildSettings = {
				ALWAYS_EMBED_SWIFT_STANDARD_LIBRARIES = YES;
				CODE_SIGN_STYLE = Automatic;
				INFOPLIST_FILE = ConstraintsUITests/Info.plist;
				LD_RUNPATH_SEARCH_PATHS = (
					"$(inherited)",
					"@executable_path/Frameworks",
					"@loader_path/Frameworks",
				);
				PRODUCT_BUNDLE_IDENTIFIER = com.AustinSizemore.ConstraintsUITests;
				PRODUCT_NAME = "$(TARGET_NAME)";
				SWIFT_VERSION = 4.2;
				TARGETED_DEVICE_FAMILY = "1,2";
				TEST_TARGET_NAME = Constraints;
			};
			name = Debug;
		};
		AA37827E2217C51B001C276C /* Release */ = {
			isa = XCBuildConfiguration;
			buildSettings = {
				ALWAYS_EMBED_SWIFT_STANDARD_LIBRARIES = YES;
				CODE_SIGN_STYLE = Automatic;
				INFOPLIST_FILE = ConstraintsUITests/Info.plist;
				LD_RUNPATH_SEARCH_PATHS = (
					"$(inherited)",
					"@executable_path/Frameworks",
					"@loader_path/Frameworks",
				);
				PRODUCT_BUNDLE_IDENTIFIER = com.AustinSizemore.ConstraintsUITests;
				PRODUCT_NAME = "$(TARGET_NAME)";
				SWIFT_VERSION = 4.2;
				TARGETED_DEVICE_FAMILY = "1,2";
				TEST_TARGET_NAME = Constraints;
			};
			name = Release;
		};
/* End XCBuildConfiguration section */

/* Begin XCConfigurationList section */
		AA3782492217C51A001C276C /* Build configuration list for PBXProject "Constraints" */ = {
			isa = XCConfigurationList;
			buildConfigurations = (
				AA3782742217C51B001C276C /* Debug */,
				AA3782752217C51B001C276C /* Release */,
			);
			defaultConfigurationIsVisible = 0;
			defaultConfigurationName = Release;
		};
		AA3782762217C51B001C276C /* Build configuration list for PBXNativeTarget "Constraints" */ = {
			isa = XCConfigurationList;
			buildConfigurations = (
				AA3782772217C51B001C276C /* Debug */,
				AA3782782217C51B001C276C /* Release */,
			);
			defaultConfigurationIsVisible = 0;
			defaultConfigurationName = Release;
		};
		AA3782792217C51B001C276C /* Build configuration list for PBXNativeTarget "ConstraintsTests" */ = {
			isa = XCConfigurationList;
			buildConfigurations = (
				AA37827A2217C51B001C276C /* Debug */,
				AA37827B2217C51B001C276C /* Release */,
			);
			defaultConfigurationIsVisible = 0;
			defaultConfigurationName = Release;
		};
		AA37827C2217C51B001C276C /* Build configuration list for PBXNativeTarget "ConstraintsUITests" */ = {
			isa = XCConfigurationList;
			buildConfigurations = (
				AA37827D2217C51B001C276C /* Debug */,
				AA37827E2217C51B001C276C /* Release */,
			);
			defaultConfigurationIsVisible = 0;
			defaultConfigurationName = Release;
		};
/* End XCConfigurationList section */
	};
	rootObject = AA3782462217C51A001C276C /* Project object */;
}
